
Microsoft Visual Studio Solution File, Format Version 12.00
# Visual Studio Version 16
VisualStudioVersion = 16.0.31624.102
MinimumVisualStudioVersion = 10.0.40219.1
Project("{9A19103F-16F7-4668-BE54-9A1E7A4F7556}") = "fedResApi", "fedResApi2\fedResApi.csproj", "{91FB0D8A-20C2-4F9C-A6C0-52203692A75A}"
EndProject
Global
	GlobalSection(SolutionConfigurationPlatforms) = preSolution
		Debug|Any CPU = Debug|Any CPU
		Release|Any CPU = Release|Any CPU
	EndGlobalSection
	GlobalSection(ProjectConfigurationPlatforms) = postSolution
		{91FB0D8A-20C2-4F9C-A6C0-52203692A75A}.Debug|Any CPU.ActiveCfg = Debug|Any CPU
		{91FB0D8A-20C2-4F9C-A6C0-52203692A75A}.Debug|Any CPU.Build.0 = Debug|Any CPU
		{91FB0D8A-20C2-4F9C-A6C0-52203692A75A}.Release|Any CPU.ActiveCfg = Release|Any CPU
		{91FB0D8A-20C2-4F9C-A6C0-52203692A75A}.Release|Any CPU.Build.0 = Release|Any CPU
	EndGlobalSection
	GlobalSection(SolutionProperties) = preSolution
		HideSolutionNode = FALSE
	EndGlobalSection
	GlobalSection(ExtensibilityGlobals) = postSolution
		SolutionGuid = {E8A90DCC-9149-4405-9ACE-06D07EBC7C1B}
	EndGlobalSection
EndGlobal
